// !$*UTF8*$!
{
	archiveVersion = 1;
	classes = {
	};
	objectVersion = 46;
	objects = {

/* Begin PBXBuildFile section */
		CEE9D0728731CAF35B9FFEDC /* User.m in Sources */ = {isa = PBXBuildFile; fileRef = CEE9D40ACCBFDE1A0AC0A278 /* User.m */; };
		CEE9D225764CD62073B93C1F /* UserCell.m in Sources */ = {isa = PBXBuildFile; fileRef = CEE9D6978A935EC565A576B7 /* UserCell.m */; };
		CEE9D4CDF1454BEEDE54E1CB /* ApplicationConstructor.m in Sources */ = {isa = PBXBuildFile; fileRef = CEE9D1CB57D85212A3B7AD49 /* ApplicationConstructor.m */; };
		CEE9D54CF34DC958DA2CE90D /* UsersListView.xib in Resources */ = {isa = PBXBuildFile; fileRef = CEE9DA7631ABF34D19167E98 /* UsersListView.xib */; };
		CEE9D72BD7D1CC591665DA1B /* UIView+Additions.m in Sources */ = {isa = PBXBuildFile; fileRef = CEE9D1EDFFC42A485E188CC1 /* UIView+Additions.m */; };
		CEE9D9C48A166FA9AF3EC5C3 /* HttpRequestItem.m in Sources */ = {isa = PBXBuildFile; fileRef = CEE9DDB40A8D5F16E98FCD57 /* HttpRequestItem.m */; };
		CEE9DB27203CF72F87C512B8 /* HttpClient.m in Sources */ = {isa = PBXBuildFile; fileRef = CEE9D6A0B7E31F4E79DE6EF6 /* HttpClient.m */; };
		CEE9DB34D39B362CEF6024ED /* SearchFormView.xib in Resources */ = {isa = PBXBuildFile; fileRef = CEE9D15C3C728F961CC9E19A /* SearchFormView.xib */; };
		CEE9DC99FA7C8738ACDED554 /* UITableView+Additions.m in Sources */ = {isa = PBXBuildFile; fileRef = CEE9D63892AF21CF517AFF9D /* UITableView+Additions.m */; };
		CEE9DD2154F365B4CA3BE2BE /* UserCellView.xib in Resources */ = {isa = PBXBuildFile; fileRef = CEE9D17B5856EC373C45FE27 /* UserCellView.xib */; };
		CEE9DF1509E477E86E13C4B9 /* VKApi.m in Sources */ = {isa = PBXBuildFile; fileRef = CEE9D8F5CAF683D55DCFC22B /* VKApi.m */; };
		CEE9DF606ADC1E217417E726 /* SearchFormController.m in Sources */ = {isa = PBXBuildFile; fileRef = CEE9D2BD2C8702A16E13E9A0 /* SearchFormController.m */; };
		CEE9DFD1D01A6E4892FFF3A1 /* UsersListController.m in Sources */ = {isa = PBXBuildFile; fileRef = CEE9D9491E1B19BB7865F2E8 /* UsersListController.m */; };
		E167DE7F19ED17DA007A2023 /* Foundation.framework in Frameworks */ = {isa = PBXBuildFile; fileRef = E167DE7E19ED17DA007A2023 /* Foundation.framework */; };
		E167DE8119ED17DA007A2023 /* CoreGraphics.framework in Frameworks */ = {isa = PBXBuildFile; fileRef = E167DE8019ED17DA007A2023 /* CoreGraphics.framework */; };
		E167DE8319ED17DA007A2023 /* UIKit.framework in Frameworks */ = {isa = PBXBuildFile; fileRef = E167DE8219ED17DA007A2023 /* UIKit.framework */; };
		E167DE8919ED17DA007A2023 /* InfoPlist.strings in Resources */ = {isa = PBXBuildFile; fileRef = E167DE8719ED17DA007A2023 /* InfoPlist.strings */; };
		E167DE8B19ED17DA007A2023 /* main.m in Sources */ = {isa = PBXBuildFile; fileRef = E167DE8A19ED17DA007A2023 /* main.m */; };
		E167DE8F19ED17DA007A2023 /* AppDelegate.m in Sources */ = {isa = PBXBuildFile; fileRef = E167DE8E19ED17DA007A2023 /* AppDelegate.m */; };
		E167DE9119ED17DA007A2023 /* Images.xcassets in Resources */ = {isa = PBXBuildFile; fileRef = E167DE9019ED17DA007A2023 /* Images.xcassets */; };
		E167DE9819ED17DA007A2023 /* XCTest.framework in Frameworks */ = {isa = PBXBuildFile; fileRef = E167DE9719ED17DA007A2023 /* XCTest.framework */; };
		E167DE9919ED17DA007A2023 /* Foundation.framework in Frameworks */ = {isa = PBXBuildFile; fileRef = E167DE7E19ED17DA007A2023 /* Foundation.framework */; };
		E167DE9A19ED17DA007A2023 /* UIKit.framework in Frameworks */ = {isa = PBXBuildFile; fileRef = E167DE8219ED17DA007A2023 /* UIKit.framework */; };
		E167DEA219ED17DA007A2023 /* InfoPlist.strings in Resources */ = {isa = PBXBuildFile; fileRef = E167DEA019ED17DA007A2023 /* InfoPlist.strings */; };
		E167DEA419ED17DA007A2023 /* YellTestAppTests.m in Sources */ = {isa = PBXBuildFile; fileRef = E167DEA319ED17DA007A2023 /* YellTestAppTests.m */; };
		E1A3C48C19ED41B400AD8C3D /* InfoPlist.strings in Resources */ = {isa = PBXBuildFile; fileRef = E1A3C48819ED41B400AD8C3D /* InfoPlist.strings */; };
		E1A3C48D19ED41B400AD8C3D /* Localizable.strings in Resources */ = {isa = PBXBuildFile; fileRef = E1A3C48A19ED41B400AD8C3D /* Localizable.strings */; };
		E1A3C49319ED41C000AD8C3D /* InfoPlist.strings in Resources */ = {isa = PBXBuildFile; fileRef = E1A3C48F19ED41C000AD8C3D /* InfoPlist.strings */; };
		E1A3C49419ED41C000AD8C3D /* Localizable.strings in Resources */ = {isa = PBXBuildFile; fileRef = E1A3C49119ED41C000AD8C3D /* Localizable.strings */; };
/* End PBXBuildFile section */

/* Begin PBXContainerItemProxy section */
		E167DE9B19ED17DA007A2023 /* PBXContainerItemProxy */ = {
			isa = PBXContainerItemProxy;
			containerPortal = E167DE7319ED17D9007A2023 /* Project object */;
			proxyType = 1;
			remoteGlobalIDString = E167DE7A19ED17D9007A2023;
			remoteInfo = YellTestApp;
		};
/* End PBXContainerItemProxy section */

/* Begin PBXFileReference section */
		CEE9D15C3C728F961CC9E19A /* SearchFormView.xib */ = {isa = PBXFileReference; lastKnownFileType = file.xib; path = SearchFormView.xib; sourceTree = "<group>"; };
		CEE9D17B5856EC373C45FE27 /* UserCellView.xib */ = {isa = PBXFileReference; lastKnownFileType = file.xib; path = UserCellView.xib; sourceTree = "<group>"; };
		CEE9D1CB57D85212A3B7AD49 /* ApplicationConstructor.m */ = {isa = PBXFileReference; fileEncoding = 4; lastKnownFileType = sourcecode.c.objc; path = ApplicationConstructor.m; sourceTree = "<group>"; };
		CEE9D1EDFFC42A485E188CC1 /* UIView+Additions.m */ = {isa = PBXFileReference; fileEncoding = 4; lastKnownFileType = sourcecode.c.objc; path = "UIView+Additions.m"; sourceTree = "<group>"; };
		CEE9D2BD2C8702A16E13E9A0 /* SearchFormController.m */ = {isa = PBXFileReference; fileEncoding = 4; lastKnownFileType = sourcecode.c.objc; path = SearchFormController.m; sourceTree = "<group>"; };
		CEE9D40ACCBFDE1A0AC0A278 /* User.m */ = {isa = PBXFileReference; fileEncoding = 4; lastKnownFileType = sourcecode.c.objc; path = User.m; sourceTree = "<group>"; };
		CEE9D57669A8769D5CD49EA6 /* User.h */ = {isa = PBXFileReference; fileEncoding = 4; lastKnownFileType = sourcecode.c.h; path = User.h; sourceTree = "<group>"; };
		CEE9D63892AF21CF517AFF9D /* UITableView+Additions.m */ = {isa = PBXFileReference; fileEncoding = 4; lastKnownFileType = sourcecode.c.objc; path = "UITableView+Additions.m"; sourceTree = "<group>"; };
		CEE9D6978A935EC565A576B7 /* UserCell.m */ = {isa = PBXFileReference; fileEncoding = 4; lastKnownFileType = sourcecode.c.objc; path = UserCell.m; sourceTree = "<group>"; };
		CEE9D6A0B7E31F4E79DE6EF6 /* HttpClient.m */ = {isa = PBXFileReference; fileEncoding = 4; lastKnownFileType = sourcecode.c.objc; path = HttpClient.m; sourceTree = "<group>"; };
		CEE9D8F5CAF683D55DCFC22B /* VKApi.m */ = {isa = PBXFileReference; fileEncoding = 4; lastKnownFileType = sourcecode.c.objc; path = VKApi.m; sourceTree = "<group>"; };
		CEE9D9491E1B19BB7865F2E8 /* UsersListController.m */ = {isa = PBXFileReference; fileEncoding = 4; lastKnownFileType = sourcecode.c.objc; path = UsersListController.m; sourceTree = "<group>"; };
		CEE9D956F67ABD73A17B5041 /* UserCell.h */ = {isa = PBXFileReference; fileEncoding = 4; lastKnownFileType = sourcecode.c.h; path = UserCell.h; sourceTree = "<group>"; };
		CEE9D997DEAE5C067F78F247 /* UIView+Additions.h */ = {isa = PBXFileReference; fileEncoding = 4; lastKnownFileType = sourcecode.c.h; path = "UIView+Additions.h"; sourceTree = "<group>"; };
		CEE9D9B5B527C246AD70EA33 /* HttpRequestItem.h */ = {isa = PBXFileReference; fileEncoding = 4; lastKnownFileType = sourcecode.c.h; path = HttpRequestItem.h; sourceTree = "<group>"; };
		CEE9D9FB675593D0067E0DA9 /* ApplicationConstructor.h */ = {isa = PBXFileReference; fileEncoding = 4; lastKnownFileType = sourcecode.c.h; path = ApplicationConstructor.h; sourceTree = "<group>"; };
		CEE9DA14447A0A713F851691 /* UsersListController.h */ = {isa = PBXFileReference; fileEncoding = 4; lastKnownFileType = sourcecode.c.h; path = UsersListController.h; sourceTree = "<group>"; };
		CEE9DA7631ABF34D19167E98 /* UsersListView.xib */ = {isa = PBXFileReference; lastKnownFileType = file.xib; path = UsersListView.xib; sourceTree = "<group>"; };
		CEE9DA839ECB58984CF92FBB /* SearchFormController.h */ = {isa = PBXFileReference; fileEncoding = 4; lastKnownFileType = sourcecode.c.h; path = SearchFormController.h; sourceTree = "<group>"; };
		CEE9DDB40A8D5F16E98FCD57 /* HttpRequestItem.m */ = {isa = PBXFileReference; fileEncoding = 4; lastKnownFileType = sourcecode.c.objc; path = HttpRequestItem.m; sourceTree = "<group>"; };
		CEE9DDCF66681195002842B7 /* HttpClient.h */ = {isa = PBXFileReference; fileEncoding = 4; lastKnownFileType = sourcecode.c.h; path = HttpClient.h; sourceTree = "<group>"; };
		CEE9DE36FF90605B68E3185C /* VKApi.h */ = {isa = PBXFileReference; fileEncoding = 4; lastKnownFileType = sourcecode.c.h; path = VKApi.h; sourceTree = "<group>"; };
		CEE9DFD7F845A27F41890CF5 /* UITableView+Additions.h */ = {isa = PBXFileReference; fileEncoding = 4; lastKnownFileType = sourcecode.c.h; path = "UITableView+Additions.h"; sourceTree = "<group>"; };
		E167DE7B19ED17DA007A2023 /* YellTestApp.app */ = {isa = PBXFileReference; explicitFileType = wrapper.application; includeInIndex = 0; path = YellTestApp.app; sourceTree = BUILT_PRODUCTS_DIR; };
		E167DE7E19ED17DA007A2023 /* Foundation.framework */ = {isa = PBXFileReference; lastKnownFileType = wrapper.framework; name = Foundation.framework; path = System/Library/Frameworks/Foundation.framework; sourceTree = SDKROOT; };
		E167DE8019ED17DA007A2023 /* CoreGraphics.framework */ = {isa = PBXFileReference; lastKnownFileType = wrapper.framework; name = CoreGraphics.framework; path = System/Library/Frameworks/CoreGraphics.framework; sourceTree = SDKROOT; };
		E167DE8219ED17DA007A2023 /* UIKit.framework */ = {isa = PBXFileReference; lastKnownFileType = wrapper.framework; name = UIKit.framework; path = System/Library/Frameworks/UIKit.framework; sourceTree = SDKROOT; };
		E167DE8619ED17DA007A2023 /* YellTestApp-Info.plist */ = {isa = PBXFileReference; lastKnownFileType = text.plist.xml; path = "YellTestApp-Info.plist"; sourceTree = "<group>"; };
		E167DE8819ED17DA007A2023 /* en */ = {isa = PBXFileReference; lastKnownFileType = text.plist.strings; name = en; path = en.lproj/InfoPlist.strings; sourceTree = "<group>"; };
		E167DE8A19ED17DA007A2023 /* main.m */ = {isa = PBXFileReference; lastKnownFileType = sourcecode.c.objc; path = main.m; sourceTree = "<group>"; };
		E167DE8C19ED17DA007A2023 /* YellTestApp-Prefix.pch */ = {isa = PBXFileReference; lastKnownFileType = sourcecode.c.h; path = "YellTestApp-Prefix.pch"; sourceTree = "<group>"; };
		E167DE8D19ED17DA007A2023 /* AppDelegate.h */ = {isa = PBXFileReference; lastKnownFileType = sourcecode.c.h; path = AppDelegate.h; sourceTree = "<group>"; };
		E167DE8E19ED17DA007A2023 /* AppDelegate.m */ = {isa = PBXFileReference; lastKnownFileType = sourcecode.c.objc; path = AppDelegate.m; sourceTree = "<group>"; };
		E167DE9019ED17DA007A2023 /* Images.xcassets */ = {isa = PBXFileReference; lastKnownFileType = folder.assetcatalog; path = Images.xcassets; sourceTree = "<group>"; };
		E167DE9619ED17DA007A2023 /* YellTestAppTests.xctest */ = {isa = PBXFileReference; explicitFileType = wrapper.cfbundle; includeInIndex = 0; path = YellTestAppTests.xctest; sourceTree = BUILT_PRODUCTS_DIR; };
		E167DE9719ED17DA007A2023 /* XCTest.framework */ = {isa = PBXFileReference; lastKnownFileType = wrapper.framework; name = XCTest.framework; path = Library/Frameworks/XCTest.framework; sourceTree = DEVELOPER_DIR; };
		E167DE9F19ED17DA007A2023 /* YellTestAppTests-Info.plist */ = {isa = PBXFileReference; lastKnownFileType = text.plist.xml; path = "YellTestAppTests-Info.plist"; sourceTree = "<group>"; };
		E167DEA119ED17DA007A2023 /* en */ = {isa = PBXFileReference; lastKnownFileType = text.plist.strings; name = en; path = en.lproj/InfoPlist.strings; sourceTree = "<group>"; };
		E167DEA319ED17DA007A2023 /* YellTestAppTests.m */ = {isa = PBXFileReference; lastKnownFileType = sourcecode.c.objc; path = YellTestAppTests.m; sourceTree = "<group>"; };
		E1A3C48319ED400B00AD8C3D /* ru */ = {isa = PBXFileReference; lastKnownFileType = text.plist.strings; name = ru; path = ru.lproj/InfoPlist.strings; sourceTree = "<group>"; };
		E1A3C48419ED400B00AD8C3D /* ru */ = {isa = PBXFileReference; lastKnownFileType = text.plist.strings; name = ru; path = ru.lproj/InfoPlist.strings; sourceTree = "<group>"; };
		E1A3C48919ED41B400AD8C3D /* en */ = {isa = PBXFileReference; lastKnownFileType = text.plist.strings; name = en; path = InfoPlist.strings; sourceTree = "<group>"; };
		E1A3C48B19ED41B400AD8C3D /* en */ = {isa = PBXFileReference; lastKnownFileType = text.plist.strings; name = en; path = Localizable.strings; sourceTree = "<group>"; };
		E1A3C49019ED41C000AD8C3D /* ru */ = {isa = PBXFileReference; lastKnownFileType = text.plist.strings; name = ru; path = InfoPlist.strings; sourceTree = "<group>"; };
		E1A3C49219ED41C000AD8C3D /* ru */ = {isa = PBXFileReference; lastKnownFileType = text.plist.strings; name = ru; path = Localizable.strings; sourceTree = "<group>"; };
/* End PBXFileReference section */

/* Begin PBXFrameworksBuildPhase section */
		E167DE7819ED17D9007A2023 /* Frameworks */ = {
			isa = PBXFrameworksBuildPhase;
			buildActionMask = 2147483647;
			files = (
				E167DE8119ED17DA007A2023 /* CoreGraphics.framework in Frameworks */,
				E167DE8319ED17DA007A2023 /* UIKit.framework in Frameworks */,
				E167DE7F19ED17DA007A2023 /* Foundation.framework in Frameworks */,
			);
			runOnlyForDeploymentPostprocessing = 0;
		};
		E167DE9319ED17DA007A2023 /* Frameworks */ = {
			isa = PBXFrameworksBuildPhase;
			buildActionMask = 2147483647;
			files = (
				E167DE9819ED17DA007A2023 /* XCTest.framework in Frameworks */,
				E167DE9A19ED17DA007A2023 /* UIKit.framework in Frameworks */,
				E167DE9919ED17DA007A2023 /* Foundation.framework in Frameworks */,
			);
			runOnlyForDeploymentPostprocessing = 0;
		};
/* End PBXFrameworksBuildPhase section */

/* Begin PBXGroup section */
		CEE9D0E59088EC098004F5FF /* SearchForm */ = {
			isa = PBXGroup;
			children = (
				CEE9DA839ECB58984CF92FBB /* SearchFormController.h */,
				CEE9D15C3C728F961CC9E19A /* SearchFormView.xib */,
				CEE9D2BD2C8702A16E13E9A0 /* SearchFormController.m */,
			);
			path = SearchForm;
			sourceTree = "<group>";
		};
		CEE9D3EAD8F8BC1DE0870B29 /* Views */ = {
			isa = PBXGroup;
			children = (
				CEE9D0E59088EC098004F5FF /* SearchForm */,
				CEE9D5F1B8DFD75A4A4B3C93 /* UsersList */,
			);
			path = Views;
			sourceTree = "<group>";
		};
		CEE9D5F1B8DFD75A4A4B3C93 /* UsersList */ = {
			isa = PBXGroup;
			children = (
				CEE9D9491E1B19BB7865F2E8 /* UsersListController.m */,
				CEE9D956F67ABD73A17B5041 /* UserCell.h */,
				CEE9DA14447A0A713F851691 /* UsersListController.h */,
				CEE9D6978A935EC565A576B7 /* UserCell.m */,
				CEE9DA7631ABF34D19167E98 /* UsersListView.xib */,
				CEE9D17B5856EC373C45FE27 /* UserCellView.xib */,
			);
			path = UsersList;
			sourceTree = "<group>";
		};
		CEE9DA07539A374A5B3AD8A1 /* VK */ = {
			isa = PBXGroup;
			children = (
				CEE9D8F5CAF683D55DCFC22B /* VKApi.m */,
				CEE9DE36FF90605B68E3185C /* VKApi.h */,
			);
			path = VK;
			sourceTree = "<group>";
		};
		CEE9DCF279A01182C60AC583 /* StdLib */ = {
			isa = PBXGroup;
			children = (
				CEE9D1EDFFC42A485E188CC1 /* UIView+Additions.m */,
				CEE9D997DEAE5C067F78F247 /* UIView+Additions.h */,
				CEE9D63892AF21CF517AFF9D /* UITableView+Additions.m */,
				CEE9DFD7F845A27F41890CF5 /* UITableView+Additions.h */,
			);
			path = StdLib;
			sourceTree = "<group>";
		};
		CEE9DE3ED46374B675C8988D /* Models */ = {
			isa = PBXGroup;
			children = (
				CEE9D40ACCBFDE1A0AC0A278 /* User.m */,
				CEE9D57669A8769D5CD49EA6 /* User.h */,
			);
			path = Models;
			sourceTree = "<group>";
		};
		CEE9DE7037FF9AAA2BAC4729 /* Lib */ = {
			isa = PBXGroup;
			children = (
				CEE9DED9ECD58CF14D992F03 /* HttpClient */,
				CEE9DA07539A374A5B3AD8A1 /* VK */,
			);
			path = Lib;
			sourceTree = "<group>";
		};
		CEE9DED9ECD58CF14D992F03 /* HttpClient */ = {
			isa = PBXGroup;
			children = (
				CEE9D9B5B527C246AD70EA33 /* HttpRequestItem.h */,
				CEE9D6A0B7E31F4E79DE6EF6 /* HttpClient.m */,
				CEE9DDB40A8D5F16E98FCD57 /* HttpRequestItem.m */,
				CEE9DDCF66681195002842B7 /* HttpClient.h */,
			);
			path = HttpClient;
			sourceTree = "<group>";
		};
		E167DE7219ED17D9007A2023 = {
			isa = PBXGroup;
			children = (
				E167DE8419ED17DA007A2023 /* YellTestApp */,
				E167DE9D19ED17DA007A2023 /* YellTestAppTests */,
				E167DE7D19ED17DA007A2023 /* Frameworks */,
				E167DE7C19ED17DA007A2023 /* Products */,
			);
			sourceTree = "<group>";
		};
		E167DE7C19ED17DA007A2023 /* Products */ = {
			isa = PBXGroup;
			children = (
				E167DE7B19ED17DA007A2023 /* YellTestApp.app */,
				E167DE9619ED17DA007A2023 /* YellTestAppTests.xctest */,
			);
			name = Products;
			sourceTree = "<group>";
		};
		E167DE7D19ED17DA007A2023 /* Frameworks */ = {
			isa = PBXGroup;
			children = (
				E167DE7E19ED17DA007A2023 /* Foundation.framework */,
				E167DE8019ED17DA007A2023 /* CoreGraphics.framework */,
				E167DE8219ED17DA007A2023 /* UIKit.framework */,
				E167DE9719ED17DA007A2023 /* XCTest.framework */,
			);
			name = Frameworks;
			sourceTree = "<group>";
		};
		E167DE8419ED17DA007A2023 /* YellTestApp */ = {
			isa = PBXGroup;
			children = (
				E167DE8D19ED17DA007A2023 /* AppDelegate.h */,
				E167DE8E19ED17DA007A2023 /* AppDelegate.m */,
				E167DE9019ED17DA007A2023 /* Images.xcassets */,
				E167DE8519ED17DA007A2023 /* Supporting Files */,
				CEE9D3EAD8F8BC1DE0870B29 /* Views */,
				CEE9DE3ED46374B675C8988D /* Models */,
				CEE9DE7037FF9AAA2BAC4729 /* Lib */,
				CEE9DCF279A01182C60AC583 /* StdLib */,
				CEE9D1CB57D85212A3B7AD49 /* ApplicationConstructor.m */,
				CEE9D9FB675593D0067E0DA9 /* ApplicationConstructor.h */,
			);
			path = YellTestApp;
			sourceTree = "<group>";
		};
		E167DE8519ED17DA007A2023 /* Supporting Files */ = {
			isa = PBXGroup;
			children = (
				E1A3C48E19ED41C000AD8C3D /* ru.lproj */,
				E1A3C48719ED41B400AD8C3D /* en.lproj */,
				E167DE8619ED17DA007A2023 /* YellTestApp-Info.plist */,
				E167DE8719ED17DA007A2023 /* InfoPlist.strings */,
				E167DE8A19ED17DA007A2023 /* main.m */,
				E167DE8C19ED17DA007A2023 /* YellTestApp-Prefix.pch */,
			);
			name = "Supporting Files";
			sourceTree = "<group>";
		};
		E167DE9D19ED17DA007A2023 /* YellTestAppTests */ = {
			isa = PBXGroup;
			children = (
				E167DEA319ED17DA007A2023 /* YellTestAppTests.m */,
				E167DE9E19ED17DA007A2023 /* Supporting Files */,
			);
			path = YellTestAppTests;
			sourceTree = "<group>";
		};
		E167DE9E19ED17DA007A2023 /* Supporting Files */ = {
			isa = PBXGroup;
			children = (
				E167DE9F19ED17DA007A2023 /* YellTestAppTests-Info.plist */,
				E167DEA019ED17DA007A2023 /* InfoPlist.strings */,
			);
			name = "Supporting Files";
			sourceTree = "<group>";
		};
		E1A3C48719ED41B400AD8C3D /* en.lproj */ = {
			isa = PBXGroup;
			children = (
				E1A3C48819ED41B400AD8C3D /* InfoPlist.strings */,
				E1A3C48A19ED41B400AD8C3D /* Localizable.strings */,
			);
			path = en.lproj;
			sourceTree = "<group>";
		};
		E1A3C48E19ED41C000AD8C3D /* ru.lproj */ = {
			isa = PBXGroup;
			children = (
				E1A3C48F19ED41C000AD8C3D /* InfoPlist.strings */,
				E1A3C49119ED41C000AD8C3D /* Localizable.strings */,
			);
			path = ru.lproj;
			sourceTree = "<group>";
		};
/* End PBXGroup section */

/* Begin PBXNativeTarget section */
		E167DE7A19ED17D9007A2023 /* YellTestApp */ = {
			isa = PBXNativeTarget;
			buildConfigurationList = E167DEA719ED17DA007A2023 /* Build configuration list for PBXNativeTarget "YellTestApp" */;
			buildPhases = (
				E167DE7719ED17D9007A2023 /* Sources */,
				E167DE7819ED17D9007A2023 /* Frameworks */,
				E167DE7919ED17D9007A2023 /* Resources */,
			);
			buildRules = (
			);
			dependencies = (
			);
			name = YellTestApp;
			productName = YellTestApp;
			productReference = E167DE7B19ED17DA007A2023 /* YellTestApp.app */;
			productType = "com.apple.product-type.application";
		};
		E167DE9519ED17DA007A2023 /* YellTestAppTests */ = {
			isa = PBXNativeTarget;
			buildConfigurationList = E167DEAA19ED17DA007A2023 /* Build configuration list for PBXNativeTarget "YellTestAppTests" */;
			buildPhases = (
				E167DE9219ED17DA007A2023 /* Sources */,
				E167DE9319ED17DA007A2023 /* Frameworks */,
				E167DE9419ED17DA007A2023 /* Resources */,
			);
			buildRules = (
			);
			dependencies = (
				E167DE9C19ED17DA007A2023 /* PBXTargetDependency */,
			);
			name = YellTestAppTests;
			productName = YellTestAppTests;
			productReference = E167DE9619ED17DA007A2023 /* YellTestAppTests.xctest */;
			productType = "com.apple.product-type.bundle.unit-test";
		};
/* End PBXNativeTarget section */

/* Begin PBXProject section */
		E167DE7319ED17D9007A2023 /* Project object */ = {
			isa = PBXProject;
			attributes = {
				LastUpgradeCheck = 0510;
				ORGANIZATIONNAME = Yell;
				TargetAttributes = {
					E167DE9519ED17DA007A2023 = {
						TestTargetID = E167DE7A19ED17D9007A2023;
					};
				};
			};
			buildConfigurationList = E167DE7619ED17D9007A2023 /* Build configuration list for PBXProject "YellTestApp" */;
			compatibilityVersion = "Xcode 3.2";
			developmentRegion = English;
			hasScannedForEncodings = 0;
			knownRegions = (
				en,
				ru,
			);
			mainGroup = E167DE7219ED17D9007A2023;
			productRefGroup = E167DE7C19ED17DA007A2023 /* Products */;
			projectDirPath = "";
			projectRoot = "";
			targets = (
				E167DE7A19ED17D9007A2023 /* YellTestApp */,
				E167DE9519ED17DA007A2023 /* YellTestAppTests */,
			);
		};
/* End PBXProject section */

/* Begin PBXResourcesBuildPhase section */
		E167DE7919ED17D9007A2023 /* Resources */ = {
			isa = PBXResourcesBuildPhase;
			buildActionMask = 2147483647;
			files = (
				E167DE8919ED17DA007A2023 /* InfoPlist.strings in Resources */,
				E1A3C49319ED41C000AD8C3D /* InfoPlist.strings in Resources */,
				E1A3C48D19ED41B400AD8C3D /* Localizable.strings in Resources */,
				E167DE9119ED17DA007A2023 /* Images.xcassets in Resources */,
				E1A3C49419ED41C000AD8C3D /* Localizable.strings in Resources */,
				E1A3C48C19ED41B400AD8C3D /* InfoPlist.strings in Resources */,
				CEE9DB34D39B362CEF6024ED /* SearchFormView.xib in Resources */,
				CEE9D54CF34DC958DA2CE90D /* UsersListView.xib in Resources */,
				CEE9DD2154F365B4CA3BE2BE /* UserCellView.xib in Resources */,
			);
			runOnlyForDeploymentPostprocessing = 0;
		};
		E167DE9419ED17DA007A2023 /* Resources */ = {
			isa = PBXResourcesBuildPhase;
			buildActionMask = 2147483647;
			files = (
				E167DEA219ED17DA007A2023 /* InfoPlist.strings in Resources */,
			);
			runOnlyForDeploymentPostprocessing = 0;
		};
/* End PBXResourcesBuildPhase section */

/* Begin PBXSourcesBuildPhase section */
		E167DE7719ED17D9007A2023 /* Sources */ = {
			isa = PBXSourcesBuildPhase;
			buildActionMask = 2147483647;
			files = (
				E167DE8F19ED17DA007A2023 /* AppDelegate.m in Sources */,
				E167DE8B19ED17DA007A2023 /* main.m in Sources */,
				CEE9D0728731CAF35B9FFEDC /* User.m in Sources */,
				CEE9D72BD7D1CC591665DA1B /* UIView+Additions.m in Sources */,
				CEE9DF606ADC1E217417E726 /* SearchFormController.m in Sources */,
				CEE9DFD1D01A6E4892FFF3A1 /* UsersListController.m in Sources */,
				CEE9D225764CD62073B93C1F /* UserCell.m in Sources */,
				CEE9DB27203CF72F87C512B8 /* HttpClient.m in Sources */,
				CEE9D9C48A166FA9AF3EC5C3 /* HttpRequestItem.m in Sources */,
				CEE9DF1509E477E86E13C4B9 /* VKApi.m in Sources */,
				CEE9D4CDF1454BEEDE54E1CB /* ApplicationConstructor.m in Sources */,
				CEE9DC99FA7C8738ACDED554 /* UITableView+Additions.m in Sources */,
			);
			runOnlyForDeploymentPostprocessing = 0;
		};
		E167DE9219ED17DA007A2023 /* Sources */ = {
			isa = PBXSourcesBuildPhase;
			buildActionMask = 2147483647;
			files = (
				E167DEA419ED17DA007A2023 /* YellTestAppTests.m in Sources */,
			);
			runOnlyForDeploymentPostprocessing = 0;
		};
/* End PBXSourcesBuildPhase section */

/* Begin PBXTargetDependency section */
		E167DE9C19ED17DA007A2023 /* PBXTargetDependency */ = {
			isa = PBXTargetDependency;
			target = E167DE7A19ED17D9007A2023 /* YellTestApp */;
			targetProxy = E167DE9B19ED17DA007A2023 /* PBXContainerItemProxy */;
		};
/* End PBXTargetDependency section */

/* Begin PBXVariantGroup section */
		E167DE8719ED17DA007A2023 /* InfoPlist.strings */ = {
			isa = PBXVariantGroup;
			children = (
				E167DE8819ED17DA007A2023 /* en */,
				E1A3C48319ED400B00AD8C3D /* ru */,
			);
			name = InfoPlist.strings;
			sourceTree = "<group>";
		};
		E167DEA019ED17DA007A2023 /* InfoPlist.strings */ = {
			isa = PBXVariantGroup;
			children = (
				E167DEA119ED17DA007A2023 /* en */,
				E1A3C48419ED400B00AD8C3D /* ru */,
			);
			name = InfoPlist.strings;
			sourceTree = "<group>";
		};
		E1A3C48819ED41B400AD8C3D /* InfoPlist.strings */ = {
			isa = PBXVariantGroup;
			children = (
				E1A3C48919ED41B400AD8C3D /* en */,
			);
			name = InfoPlist.strings;
			sourceTree = "<group>";
		};
		E1A3C48A19ED41B400AD8C3D /* Localizable.strings */ = {
			isa = PBXVariantGroup;
			children = (
				E1A3C48B19ED41B400AD8C3D /* en */,
			);
			name = Localizable.strings;
			sourceTree = "<group>";
		};
		E1A3C48F19ED41C000AD8C3D /* InfoPlist.strings */ = {
			isa = PBXVariantGroup;
			children = (
				E1A3C49019ED41C000AD8C3D /* ru */,
			);
			name = InfoPlist.strings;
			sourceTree = "<group>";
		};
		E1A3C49119ED41C000AD8C3D /* Localizable.strings */ = {
			isa = PBXVariantGroup;
			children = (
				E1A3C49219ED41C000AD8C3D /* ru */,
			);
			name = Localizable.strings;
			sourceTree = "<group>";
		};
/* End PBXVariantGroup section */

/* Begin XCBuildConfiguration section */
		E167DEA519ED17DA007A2023 /* Debug */ = {
			isa = XCBuildConfiguration;
			buildSettings = {
				ALWAYS_SEARCH_USER_PATHS = NO;
				CLANG_CXX_LANGUAGE_STANDARD = "gnu++0x";
				CLANG_CXX_LIBRARY = "libc++";
				CLANG_ENABLE_MODULES = YES;
				CLANG_ENABLE_OBJC_ARC = YES;
				CLANG_WARN_BOOL_CONVERSION = YES;
				CLANG_WARN_CONSTANT_CONVERSION = YES;
				CLANG_WARN_DIRECT_OBJC_ISA_USAGE = YES_ERROR;
				CLANG_WARN_EMPTY_BODY = YES;
				CLANG_WARN_ENUM_CONVERSION = YES;
				CLANG_WARN_INT_CONVERSION = YES;
				CLANG_WARN_OBJC_ROOT_CLASS = YES_ERROR;
				CLANG_WARN__DUPLICATE_METHOD_MATCH = YES;
				"CODE_SIGN_IDENTITY[sdk=iphoneos*]" = "iPhone Developer";
				COPY_PHASE_STRIP = NO;
				GCC_C_LANGUAGE_STANDARD = gnu99;
				GCC_DYNAMIC_NO_PIC = NO;
				GCC_OPTIMIZATION_LEVEL = 0;
				GCC_PREPROCESSOR_DEFINITIONS = (
					"DEBUG=1",
					"$(inherited)",
				);
				GCC_SYMBOLS_PRIVATE_EXTERN = NO;
				GCC_WARN_64_TO_32_BIT_CONVERSION = YES;
				GCC_WARN_ABOUT_RETURN_TYPE = YES_ERROR;
				GCC_WARN_UNDECLARED_SELECTOR = YES;
				GCC_WARN_UNINITIALIZED_AUTOS = YES_AGGRESSIVE;
				GCC_WARN_UNUSED_FUNCTION = YES;
				GCC_WARN_UNUSED_VARIABLE = YES;
				IPHONEOS_DEPLOYMENT_TARGET = 7.1;
				ONLY_ACTIVE_ARCH = YES;
				SDKROOT = iphoneos;
			};
			name = Debug;
		};
		E167DEA619ED17DA007A2023 /* Release */ = {
			isa = XCBuildConfiguration;
			buildSettings = {
				ALWAYS_SEARCH_USER_PATHS = NO;
				CLANG_CXX_LANGUAGE_STANDARD = "gnu++0x";
				CLANG_CXX_LIBRARY = "libc++";
				CLANG_ENABLE_MODULES = YES;
				CLANG_ENABLE_OBJC_ARC = YES;
				CLANG_WARN_BOOL_CONVERSION = YES;
				CLANG_WARN_CONSTANT_CONVERSION = YES;
				CLANG_WARN_DIRECT_OBJC_ISA_USAGE = YES_ERROR;
				CLANG_WARN_EMPTY_BODY = YES;
				CLANG_WARN_ENUM_CONVERSION = YES;
				CLANG_WARN_INT_CONVERSION = YES;
				CLANG_WARN_OBJC_ROOT_CLASS = YES_ERROR;
				CLANG_WARN__DUPLICATE_METHOD_MATCH = YES;
				"CODE_SIGN_IDENTITY[sdk=iphoneos*]" = "iPhone Developer";
				COPY_PHASE_STRIP = YES;
				ENABLE_NS_ASSERTIONS = NO;
				GCC_C_LANGUAGE_STANDARD = gnu99;
				GCC_WARN_64_TO_32_BIT_CONVERSION = YES;
				GCC_WARN_ABOUT_RETURN_TYPE = YES_ERROR;
				GCC_WARN_UNDECLARED_SELECTOR = YES;
				GCC_WARN_UNINITIALIZED_AUTOS = YES_AGGRESSIVE;
				GCC_WARN_UNUSED_FUNCTION = YES;
				GCC_WARN_UNUSED_VARIABLE = YES;
				IPHONEOS_DEPLOYMENT_TARGET = 7.1;
				SDKROOT = iphoneos;
				VALIDATE_PRODUCT = YES;
			};
			name = Release;
		};
		E167DEA819ED17DA007A2023 /* Debug */ = {
			isa = XCBuildConfiguration;
			buildSettings = {
				ASSETCATALOG_COMPILER_APPICON_NAME = AppIcon;
				ASSETCATALOG_COMPILER_LAUNCHIMAGE_NAME = LaunchImage;
				GCC_PRECOMPILE_PREFIX_HEADER = YES;
				GCC_PREFIX_HEADER = "YellTestApp/YellTestApp-Prefix.pch";
				INFOPLIST_FILE = "YellTestApp/YellTestApp-Info.plist";
				PRODUCT_NAME = "$(TARGET_NAME)";
				WRAPPER_EXTENSION = app;
			};
			name = Debug;
		};
		E167DEA919ED17DA007A2023 /* Release */ = {
			isa = XCBuildConfiguration;
			buildSettings = {
				ASSETCATALOG_COMPILER_APPICON_NAME = AppIcon;
				ASSETCATALOG_COMPILER_LAUNCHIMAGE_NAME = LaunchImage;
				GCC_PRECOMPILE_PREFIX_HEADER = YES;
				GCC_PREFIX_HEADER = "YellTestApp/YellTestApp-Prefix.pch";
				INFOPLIST_FILE = "YellTestApp/YellTestApp-Info.plist";
				PRODUCT_NAME = "$(TARGET_NAME)";
				WRAPPER_EXTENSION = app;
			};
			name = Release;
		};
		E167DEAB19ED17DA007A2023 /* Debug */ = {
			isa = XCBuildConfiguration;
			buildSettings = {
				BUNDLE_LOADER = "$(BUILT_PRODUCTS_DIR)/YellTestApp.app/YellTestApp";
				FRAMEWORK_SEARCH_PATHS = (
					"$(SDKROOT)/Developer/Library/Frameworks",
					"$(inherited)",
					"$(DEVELOPER_FRAMEWORKS_DIR)",
				);
				GCC_PRECOMPILE_PREFIX_HEADER = YES;
				GCC_PREFIX_HEADER = "YellTestApp/YellTestApp-Prefix.pch";
				GCC_PREPROCESSOR_DEFINITIONS = (
					"DEBUG=1",
					"$(inherited)",
				);
				INFOPLIST_FILE = "YellTestAppTests/YellTestAppTests-Info.plist";
				PRODUCT_NAME = "$(TARGET_NAME)";
				TEST_HOST = "$(BUNDLE_LOADER)";
				WRAPPER_EXTENSION = xctest;
			};
			name = Debug;
		};
		E167DEAC19ED17DA007A2023 /* Release */ = {
			isa = XCBuildConfiguration;
			buildSettings = {
				BUNDLE_LOADER = "$(BUILT_PRODUCTS_DIR)/YellTestApp.app/YellTestApp";
				FRAMEWORK_SEARCH_PATHS = (
					"$(SDKROOT)/Developer/Library/Frameworks",
					"$(inherited)",
					"$(DEVELOPER_FRAMEWORKS_DIR)",
				);
				GCC_PRECOMPILE_PREFIX_HEADER = YES;
				GCC_PREFIX_HEADER = "YellTestApp/YellTestApp-Prefix.pch";
				INFOPLIST_FILE = "YellTestAppTests/YellTestAppTests-Info.plist";
				PRODUCT_NAME = "$(TARGET_NAME)";
				TEST_HOST = "$(BUNDLE_LOADER)";
				WRAPPER_EXTENSION = xctest;
			};
			name = Release;
		};
/* End XCBuildConfiguration section */

/* Begin XCConfigurationList section */
		E167DE7619ED17D9007A2023 /* Build configuration list for PBXProject "YellTestApp" */ = {
			isa = XCConfigurationList;
			buildConfigurations = (
				E167DEA519ED17DA007A2023 /* Debug */,
				E167DEA619ED17DA007A2023 /* Release */,
			);
			defaultConfigurationIsVisible = 0;
			defaultConfigurationName = Release;
		};
		E167DEA719ED17DA007A2023 /* Build configuration list for PBXNativeTarget "YellTestApp" */ = {
			isa = XCConfigurationList;
			buildConfigurations = (
				E167DEA819ED17DA007A2023 /* Debug */,
				E167DEA919ED17DA007A2023 /* Release */,
			);
			defaultConfigurationIsVisible = 0;
			defaultConfigurationName = Release;
		};
		E167DEAA19ED17DA007A2023 /* Build configuration list for PBXNativeTarget "YellTestAppTests" */ = {
			isa = XCConfigurationList;
			buildConfigurations = (
				E167DEAB19ED17DA007A2023 /* Debug */,
				E167DEAC19ED17DA007A2023 /* Release */,
			);
			defaultConfigurationIsVisible = 0;
			defaultConfigurationName = Release;
		};
/* End XCConfigurationList section */
	};
	rootObject = E167DE7319ED17D9007A2023 /* Project object */;
}
